
Microsoft Visual Studio Solution File, Format Version 12.00
# Visual Studio 14
VisualStudioVersion = 14.0.25420.1
MinimumVisualStudioVersion = 10.0.40219.1
Project("{8BC9CEB8-8B4A-11D0-8D11-00A0C91BC942}") = "Dx11Project", "Dx11Project\Dx11Project.vcxproj", "{A0FDEF67-F366-4383-81E4-54AC061AD1AD}"
EndProject
Project("{8BC9CEB8-8B4A-11D0-8D11-00A0C91BC942}") = "Dx11Lib", "Dx11Lib\Dx11Lib.vcxproj", "{6F12B6BA-5A38-4B2B-8734-ED932AF053AD}"
EndProject
Global
	GlobalSection(SolutionConfigurationPlatforms) = preSolution
		Debug|x64 = Debug|x64
		Debug|x86 = Debug|x86
		Release|x64 = Release|x64
		Release|x86 = Release|x86
	EndGlobalSection
	GlobalSection(ProjectConfigurationPlatforms) = postSolution
		{A0FDEF67-F366-4383-81E4-54AC061AD1AD}.Debug|x64.ActiveCfg = Debug|x64
		{A0FDEF67-F366-4383-81E4-54AC061AD1AD}.Debug|x64.Build.0 = Debug|x64
		{A0FDEF67-F366-4383-81E4-54AC061AD1AD}.Debug|x86.ActiveCfg = Debug|Win32
		{A0FDEF67-F366-4383-81E4-54AC061AD1AD}.Debug|x86.Build.0 = Debug|Win32
		{A0FDEF67-F366-4383-81E4-54AC061AD1AD}.Release|x64.ActiveCfg = Release|x64
		{A0FDEF67-F366-4383-81E4-54AC061AD1AD}.Release|x64.Build.0 = Release|x64
		{A0FDEF67-F366-4383-81E4-54AC061AD1AD}.Release|x86.ActiveCfg = Release|Win32
		{A0FDEF67-F366-4383-81E4-54AC061AD1AD}.Release|x86.Build.0 = Release|Win32
		{6F12B6BA-5A38-4B2B-8734-ED932AF053AD}.Debug|x64.ActiveCfg = Debug|x64
		{6F12B6BA-5A38-4B2B-8734-ED932AF053AD}.Debug|x64.Build.0 = Debug|x64
		{6F12B6BA-5A38-4B2B-8734-ED932AF053AD}.Debug|x86.ActiveCfg = Debug|Win32
		{6F12B6BA-5A38-4B2B-8734-ED932AF053AD}.Debug|x86.Build.0 = Debug|Win32
		{6F12B6BA-5A38-4B2B-8734-ED932AF053AD}.Release|x64.ActiveCfg = Release|x64
		{6F12B6BA-5A38-4B2B-8734-ED932AF053AD}.Release|x64.Build.0 = Release|x64
		{6F12B6BA-5A38-4B2B-8734-ED932AF053AD}.Release|x86.ActiveCfg = Release|Win32
		{6F12B6BA-5A38-4B2B-8734-ED932AF053AD}.Release|x86.Build.0 = Release|Win32
	EndGlobalSection
	GlobalSection(SolutionProperties) = preSolution
		HideSolutionNode = FALSE
	EndGlobalSection
EndGlobal
